
Microsoft Visual Studio Solution File, Format Version 12.00
# Visual Studio 15
VisualStudioVersion = 15.0.27703.2035
MinimumVisualStudioVersion = 10.0.40219.1
Project("{FAE04EC0-301F-11D3-BF4B-00C04F79EFBC}") = "MovieListing", "MovieListing\MovieListing.csproj", "{4B54FFC8-4DA9-4222-83B9-06FE71C85EB4}"
EndProject
Global
	GlobalSection(SolutionConfigurationPlatforms) = preSolution
		Debug|Any CPU = Debug|Any CPU
		Release|Any CPU = Release|Any CPU
	EndGlobalSection
	GlobalSection(ProjectConfigurationPlatforms) = postSolution
		{4B54FFC8-4DA9-4222-83B9-06FE71C85EB4}.Debug|Any CPU.ActiveCfg = Debug|Any CPU
		{4B54FFC8-4DA9-4222-83B9-06FE71C85EB4}.Debug|Any CPU.Build.0 = Debug|Any CPU
		{4B54FFC8-4DA9-4222-83B9-06FE71C85EB4}.Release|Any CPU.ActiveCfg = Release|Any CPU
		{4B54FFC8-4DA9-4222-83B9-06FE71C85EB4}.Release|Any CPU.Build.0 = Release|Any CPU
	EndGlobalSection
	GlobalSection(SolutionProperties) = preSolution
		HideSolutionNode = FALSE
	EndGlobalSection
	GlobalSection(ExtensibilityGlobals) = postSolution
		SolutionGuid = {8167D0D9-947B-4C5B-8BAE-BA03248A67B0}
	EndGlobalSection
EndGlobal
